
Microsoft Visual Studio Solution File, Format Version 12.00
# Visual Studio Version 16
VisualStudioVersion = 16.0.29613.14
MinimumVisualStudioVersion = 10.0.40219.1
Project("{9A19103F-16F7-4668-BE54-9A1E7A4F7556}") = "BeautySaloonAPI", "BeautySaloonAPI.csproj", "{D9F50496-23A4-4435-B6E6-00AD50B9C2A2}"
EndProject
Global
	GlobalSection(SolutionConfigurationPlatforms) = preSolution
		Debug|Any CPU = Debug|Any CPU
		Release|Any CPU = Release|Any CPU
	EndGlobalSection
	GlobalSection(ProjectConfigurationPlatforms) = postSolution
		{D9F50496-23A4-4435-B6E6-00AD50B9C2A2}.Debug|Any CPU.ActiveCfg = Debug|Any CPU
		{D9F50496-23A4-4435-B6E6-00AD50B9C2A2}.Debug|Any CPU.Build.0 = Debug|Any CPU
		{D9F50496-23A4-4435-B6E6-00AD50B9C2A2}.Release|Any CPU.ActiveCfg = Release|Any CPU
		{D9F50496-23A4-4435-B6E6-00AD50B9C2A2}.Release|Any CPU.Build.0 = Release|Any CPU
	EndGlobalSection
	GlobalSection(SolutionProperties) = preSolution
		HideSolutionNode = FALSE
	EndGlobalSection
	GlobalSection(ExtensibilityGlobals) = postSolution
		SolutionGuid = {F9DC1588-B448-4002-83F6-7915C47BD317}
	EndGlobalSection
EndGlobal
